{
    "version": 3,
    "terraform_version": "0.11.13",
    "serial": 6,
    "lineage": "baa72216-7b8b-4167-4bcf-ba3118453d6f",
    "modules": [
        {
            "path": [
                "root"
            ],
            "outputs": {
                "elb_dns_name": {
                    "sensitive": false,
                    "type": "string",
                    "value": "terraform-asg-example-275481607.eu-west-1.elb.amazonaws.com"
                }
            },
            "resources": {
                "aws_autoscaling_group.example": {
                    "type": "aws_autoscaling_group",
                    "depends_on": [
                        "aws_launch_configuration.example",
                        "aws_lb_target_group.alb_target_group",
                        "data.aws_availability_zones.all"
                    ],
                    "primary": {
                        "id": "tf-asg-20190320002944391300000001",
                        "attributes": {
                            "arn": "arn:aws:autoscaling:eu-west-1:978614868007:autoScalingGroup:2ef66eb3-bab3-40f9-943c-91d0ea2308b4:autoScalingGroupName/tf-asg-20190320002944391300000001",
                            "availability_zones.#": "3",
                            "availability_zones.1924028850": "eu-west-1b",
                            "availability_zones.3953592328": "eu-west-1a",
                            "availability_zones.94988580": "eu-west-1c",
                            "default_cooldown": "300",
                            "desired_capacity": "3",
                            "enabled_metrics.#": "0",
                            "force_delete": "false",
                            "health_check_grace_period": "300",
                            "health_check_type": "EC2",
                            "id": "tf-asg-20190320002944391300000001",
                            "launch_configuration": "terraform-20190320001206629700000001",
                            "launch_template.#": "0",
                            "load_balancers.#": "0",
                            "max_size": "3",
                            "metrics_granularity": "1Minute",
                            "min_size": "3",
                            "mixed_instances_policy.#": "0",
                            "name": "tf-asg-20190320002944391300000001",
                            "placement_group": "",
                            "protect_from_scale_in": "false",
                            "service_linked_role_arn": "arn:aws:iam::978614868007:role/aws-service-role/autoscaling.amazonaws.com/AWSServiceRoleForAutoScaling",
                            "suspended_processes.#": "0",
                            "tag.#": "1",
                            "tag.4170447404.key": "Name",
                            "tag.4170447404.propagate_at_launch": "true",
                            "tag.4170447404.value": "terraform-asg-example",
                            "target_group_arns.#": "1",
                            "target_group_arns.1001886685": "arn:aws:elasticloadbalancing:eu-west-1:978614868007:targetgroup/alb-target-group/e8d9ac81a93f0379",
                            "termination_policies.#": "0",
                            "vpc_zone_identifier.#": "0",
                            "wait_for_capacity_timeout": "10m"
                        },
                        "meta": {
                            "e2bfb730-ecaa-11e6-8f88-34363bc7c4c0": {
                                "delete": 600000000000
                            }
                        },
                        "tainted": false
                    },
                    "deposed": [],
                    "provider": "provider.aws"
                },
                "aws_launch_configuration.example": {
                    "type": "aws_launch_configuration",
                    "depends_on": [
                        "aws_security_group.instance"
                    ],
                    "primary": {
                        "id": "terraform-20190320001206629700000001",
                        "attributes": {
                            "associate_public_ip_address": "false",
                            "ebs_block_device.#": "0",
                            "ebs_optimized": "false",
                            "enable_monitoring": "true",
                            "ephemeral_block_device.#": "0",
                            "iam_instance_profile": "",
                            "id": "terraform-20190320001206629700000001",
                            "image_id": "ami-03d6469eda9235f8e",
                            "instance_type": "t2.micro",
                            "key_name": "TU_Dublin",
                            "name": "terraform-20190320001206629700000001",
                            "root_block_device.#": "0",
                            "security_groups.#": "1",
                            "security_groups.1689398321": "sg-0682e97743ad6cc24",
                            "spot_price": "",
                            "vpc_classic_link_id": "",
                            "vpc_classic_link_security_groups.#": "0"
                        },
                        "meta": {},
                        "tainted": false
                    },
                    "deposed": [],
                    "provider": "provider.aws"
                },
                "aws_lb.example": {
                    "type": "aws_lb",
                    "depends_on": [
                        "aws_security_group.elb"
                    ],
                    "primary": {
                        "id": "arn:aws:elasticloadbalancing:eu-west-1:978614868007:loadbalancer/app/terraform-asg-example/dfb94fb3819ffabc",
                        "attributes": {
                            "access_logs.#": "0",
                            "arn": "arn:aws:elasticloadbalancing:eu-west-1:978614868007:loadbalancer/app/terraform-asg-example/dfb94fb3819ffabc",
                            "arn_suffix": "app/terraform-asg-example/dfb94fb3819ffabc",
                            "dns_name": "terraform-asg-example-275481607.eu-west-1.elb.amazonaws.com",
                            "enable_deletion_protection": "false",
                            "enable_http2": "true",
                            "id": "arn:aws:elasticloadbalancing:eu-west-1:978614868007:loadbalancer/app/terraform-asg-example/dfb94fb3819ffabc",
                            "idle_timeout": "60",
                            "internal": "false",
                            "ip_address_type": "ipv4",
                            "load_balancer_type": "application",
                            "name": "terraform-asg-example",
                            "security_groups.#": "1",
                            "security_groups.3053776140": "sg-07f89fab65a09fd38",
                            "subnet_mapping.#": "0",
                            "subnets.#": "3",
                            "subnets.3233464352": "subnet-aa08ffcc",
                            "subnets.3714942608": "subnet-857043de",
                            "subnets.4283820119": "subnet-9b6f95d3",
                            "tags.%": "0",
                            "vpc_id": "vpc-48ef3c2e",
                            "zone_id": "Z32O12XQLNTSW2"
                        },
                        "meta": {
                            "e2bfb730-ecaa-11e6-8f88-34363bc7c4c0": {
                                "create": 600000000000,
                                "delete": 600000000000,
                                "update": 600000000000
                            }
                        },
                        "tainted": false
                    },
                    "deposed": [],
                    "provider": "provider.aws"
                },
                "aws_lb_listener.alb_listener": {
                    "type": "aws_lb_listener",
                    "depends_on": [
                        "aws_lb.example",
                        "aws_lb_target_group.alb_target_group"
                    ],
                    "primary": {
                        "id": "arn:aws:elasticloadbalancing:eu-west-1:978614868007:listener/app/terraform-asg-example/dfb94fb3819ffabc/3798b5f4baed7319",
                        "attributes": {
                            "arn": "arn:aws:elasticloadbalancing:eu-west-1:978614868007:listener/app/terraform-asg-example/dfb94fb3819ffabc/3798b5f4baed7319",
                            "default_action.#": "1",
                            "default_action.0.authenticate_cognito.#": "0",
                            "default_action.0.authenticate_oidc.#": "0",
                            "default_action.0.fixed_response.#": "0",
                            "default_action.0.order": "1",
                            "default_action.0.redirect.#": "0",
                            "default_action.0.target_group_arn": "arn:aws:elasticloadbalancing:eu-west-1:978614868007:targetgroup/alb-target-group/e8d9ac81a93f0379",
                            "default_action.0.type": "forward",
                            "id": "arn:aws:elasticloadbalancing:eu-west-1:978614868007:listener/app/terraform-asg-example/dfb94fb3819ffabc/3798b5f4baed7319",
                            "load_balancer_arn": "arn:aws:elasticloadbalancing:eu-west-1:978614868007:loadbalancer/app/terraform-asg-example/dfb94fb3819ffabc",
                            "port": "80",
                            "protocol": "HTTP",
                            "ssl_policy": ""
                        },
                        "meta": {
                            "e2bfb730-ecaa-11e6-8f88-34363bc7c4c0": {
                                "read": 600000000000
                            }
                        },
                        "tainted": false
                    },
                    "deposed": [],
                    "provider": "provider.aws"
                },
                "aws_lb_target_group.alb_target_group": {
                    "type": "aws_lb_target_group",
                    "depends_on": [],
                    "primary": {
                        "id": "arn:aws:elasticloadbalancing:eu-west-1:978614868007:targetgroup/alb-target-group/e8d9ac81a93f0379",
                        "attributes": {
                            "arn": "arn:aws:elasticloadbalancing:eu-west-1:978614868007:targetgroup/alb-target-group/e8d9ac81a93f0379",
                            "arn_suffix": "targetgroup/alb-target-group/e8d9ac81a93f0379",
                            "deregistration_delay": "300",
                            "health_check.#": "1",
                            "health_check.0.healthy_threshold": "3",
                            "health_check.0.interval": "10",
                            "health_check.0.matcher": "200",
                            "health_check.0.path": "/",
                            "health_check.0.port": "80",
                            "health_check.0.protocol": "HTTP",
                            "health_check.0.timeout": "5",
                            "health_check.0.unhealthy_threshold": "10",
                            "id": "arn:aws:elasticloadbalancing:eu-west-1:978614868007:targetgroup/alb-target-group/e8d9ac81a93f0379",
                            "lambda_multi_value_headers_enabled": "false",
                            "name": "alb-target-group",
                            "port": "80",
                            "protocol": "HTTP",
                            "proxy_protocol_v2": "false",
                            "slow_start": "0",
                            "stickiness.#": "1",
                            "stickiness.0.cookie_duration": "1800",
                            "stickiness.0.enabled": "true",
                            "stickiness.0.type": "lb_cookie",
                            "tags.%": "1",
                            "tags.name": "alb_target_group",
                            "target_type": "instance",
                            "vpc_id": "vpc-48ef3c2e"
                        },
                        "meta": {},
                        "tainted": false
                    },
                    "deposed": [],
                    "provider": "provider.aws"
                },
                "aws_security_group.elb": {
                    "type": "aws_security_group",
                    "depends_on": [],
                    "primary": {
                        "id": "sg-07f89fab65a09fd38",
                        "attributes": {
                            "arn": "arn:aws:ec2:eu-west-1:978614868007:security-group/sg-07f89fab65a09fd38",
                            "description": "Managed by Terraform",
                            "egress.#": "1",
                            "egress.482069346.cidr_blocks.#": "1",
                            "egress.482069346.cidr_blocks.0": "0.0.0.0/0",
                            "egress.482069346.description": "",
                            "egress.482069346.from_port": "0",
                            "egress.482069346.ipv6_cidr_blocks.#": "0",
                            "egress.482069346.prefix_list_ids.#": "0",
                            "egress.482069346.protocol": "-1",
                            "egress.482069346.security_groups.#": "0",
                            "egress.482069346.self": "false",
                            "egress.482069346.to_port": "0",
                            "id": "sg-07f89fab65a09fd38",
                            "ingress.#": "1",
                            "ingress.2214680975.cidr_blocks.#": "1",
                            "ingress.2214680975.cidr_blocks.0": "0.0.0.0/0",
                            "ingress.2214680975.description": "",
                            "ingress.2214680975.from_port": "80",
                            "ingress.2214680975.ipv6_cidr_blocks.#": "0",
                            "ingress.2214680975.prefix_list_ids.#": "0",
                            "ingress.2214680975.protocol": "tcp",
                            "ingress.2214680975.security_groups.#": "0",
                            "ingress.2214680975.self": "false",
                            "ingress.2214680975.to_port": "80",
                            "name": "terraform-example-elb",
                            "owner_id": "978614868007",
                            "revoke_rules_on_delete": "false",
                            "tags.%": "0",
                            "vpc_id": "vpc-48ef3c2e"
                        },
                        "meta": {
                            "e2bfb730-ecaa-11e6-8f88-34363bc7c4c0": {
                                "create": 600000000000,
                                "delete": 600000000000
                            },
                            "schema_version": "1"
                        },
                        "tainted": false
                    },
                    "deposed": [],
                    "provider": "provider.aws"
                },
                "aws_security_group.instance": {
                    "type": "aws_security_group",
                    "depends_on": [],
                    "primary": {
                        "id": "sg-0682e97743ad6cc24",
                        "attributes": {
                            "arn": "arn:aws:ec2:eu-west-1:978614868007:security-group/sg-0682e97743ad6cc24",
                            "description": "Managed by Terraform",
                            "egress.#": "0",
                            "id": "sg-0682e97743ad6cc24",
                            "ingress.#": "2",
                            "ingress.2541437006.cidr_blocks.#": "1",
                            "ingress.2541437006.cidr_blocks.0": "0.0.0.0/0",
                            "ingress.2541437006.description": "",
                            "ingress.2541437006.from_port": "22",
                            "ingress.2541437006.ipv6_cidr_blocks.#": "0",
                            "ingress.2541437006.prefix_list_ids.#": "0",
                            "ingress.2541437006.protocol": "tcp",
                            "ingress.2541437006.security_groups.#": "0",
                            "ingress.2541437006.self": "false",
                            "ingress.2541437006.to_port": "22",
                            "ingress.516175195.cidr_blocks.#": "1",
                            "ingress.516175195.cidr_blocks.0": "0.0.0.0/0",
                            "ingress.516175195.description": "",
                            "ingress.516175195.from_port": "8080",
                            "ingress.516175195.ipv6_cidr_blocks.#": "0",
                            "ingress.516175195.prefix_list_ids.#": "0",
                            "ingress.516175195.protocol": "tcp",
                            "ingress.516175195.security_groups.#": "0",
                            "ingress.516175195.self": "false",
                            "ingress.516175195.to_port": "8080",
                            "name": "terraform-example-instance",
                            "owner_id": "978614868007",
                            "revoke_rules_on_delete": "false",
                            "tags.%": "0",
                            "vpc_id": "vpc-48ef3c2e"
                        },
                        "meta": {
                            "e2bfb730-ecaa-11e6-8f88-34363bc7c4c0": {
                                "create": 600000000000,
                                "delete": 600000000000
                            },
                            "schema_version": "1"
                        },
                        "tainted": false
                    },
                    "deposed": [],
                    "provider": "provider.aws"
                },
                "data.aws_availability_zones.all": {
                    "type": "aws_availability_zones",
                    "depends_on": [],
                    "primary": {
                        "id": "2019-03-20 00:29:38.077026685 +0000 UTC",
                        "attributes": {
                            "id": "2019-03-20 00:29:38.077026685 +0000 UTC",
                            "names.#": "3",
                            "names.0": "eu-west-1a",
                            "names.1": "eu-west-1b",
                            "names.2": "eu-west-1c",
                            "zone_ids.#": "3",
                            "zone_ids.0": "euw1-az2",
                            "zone_ids.1": "euw1-az3",
                            "zone_ids.2": "euw1-az1"
                        },
                        "meta": {},
                        "tainted": false
                    },
                    "deposed": [],
                    "provider": "provider.aws"
                }
            },
            "depends_on": []
        }
    ]
}
